
Microsoft Visual Studio Solution File, Format Version 12.00
# Visual Studio Version 17
VisualStudioVersion = 17.9.34616.47
MinimumVisualStudioVersion = 10.0.40219.1
Project("{FAE04EC0-301F-11D3-BF4B-00C04F79EFBC}") = "Tickets", "Tickets\Tickets.csproj", "{226873B5-2D69-4FCA-9930-998C0ED48583}"
EndProject
Global
	GlobalSection(SolutionConfigurationPlatforms) = preSolution
		Debug|Any CPU = Debug|Any CPU
		Release|Any CPU = Release|Any CPU
	EndGlobalSection
	GlobalSection(ProjectConfigurationPlatforms) = postSolution
		{226873B5-2D69-4FCA-9930-998C0ED48583}.Debug|Any CPU.ActiveCfg = Debug|Any CPU
		{226873B5-2D69-4FCA-9930-998C0ED48583}.Debug|Any CPU.Build.0 = Debug|Any CPU
		{226873B5-2D69-4FCA-9930-998C0ED48583}.Release|Any CPU.ActiveCfg = Release|Any CPU
		{226873B5-2D69-4FCA-9930-998C0ED48583}.Release|Any CPU.Build.0 = Release|Any CPU
	EndGlobalSection
	GlobalSection(SolutionProperties) = preSolution
		HideSolutionNode = FALSE
	EndGlobalSection
	GlobalSection(ExtensibilityGlobals) = postSolution
		SolutionGuid = {03CA3DC2-C91A-4896-B62C-C4118B787BAB}
	EndGlobalSection
EndGlobal
